{
  "nodes": {
    "nixpkgs": {
      "locked": {
        "lastModified": 1708475490,
        "narHash": "sha256-g1v0TsWBQPX97ziznfJdWhgMyMGtoBFs102xSYO4syU=",
        "owner": "nixos",
        "repo": "nixpkgs",
        "rev": "0e74ca98a74bc7270d28838369593635a5db3260",
        "type": "github"
      },
      "original": {
        "owner": "nixos",
        "ref": "nixos-unstable",
        "repo": "nixpkgs",
        "type": "github"
      }
    },
    "root": {
      "inputs": {
        "nixpkgs": "nixpkgs",
        "thead-kernel": "thead-kernel"
      }
    },
    "thead-kernel": {
      "flake": false,
      "locked": {
        "lastModified": 1708266405,
        "narHash": "sha256-LZS0zPYWzfNP3t7IwLCyq6jtGkgEi6J4Z1e4rlZKw5o=",
        "owner": "revyos",
        "repo": "thead-kernel",
        "rev": "6f712a1d7f4069a89123f1d2f43e7daa502b4471",
        "type": "github"
      },
      "original": {
        "owner": "revyos",
        "ref": "lpi4a",
        "repo": "thead-kernel",
        "type": "github"
      }
    }
  },
  "root": "root",
  "version": 7
}
